
Microsoft Visual Studio Solution File, Format Version 12.00
# Visual Studio 15
VisualStudioVersion = 15.0.28307.168
MinimumVisualStudioVersion = 10.0.40219.1
Project("{FAE04EC0-301F-11D3-BF4B-00C04F79EFBC}") = "Xamarin.Forms.MiGuia.Android", "Xamarin.Forms.MiGuia\Xamarin.Forms.MiGuia.Android\Xamarin.Forms.MiGuia.Android.csproj", "{9852047E-1EB3-4D67-A52D-0F787AF67AD4}"
EndProject
Project("{FAE04EC0-301F-11D3-BF4B-00C04F79EFBC}") = "Xamarin.Forms.MiGuia.iOS", "Xamarin.Forms.MiGuia\Xamarin.Forms.MiGuia.iOS\Xamarin.Forms.MiGuia.iOS.csproj", "{07BC83C2-B024-484D-B48C-D02F195BEF93}"
EndProject
Project("{FAE04EC0-301F-11D3-BF4B-00C04F79EFBC}") = "Xamarin.Forms.MiGuia", "Xamarin.Forms.MiGuia\Xamarin.Forms.MiGuia\Xamarin.Forms.MiGuia.csproj", "{7445B427-EA0C-4FAA-8EB6-F7CF541286FA}"
EndProject
Global
	GlobalSection(SolutionConfigurationPlatforms) = preSolution
		Ad-Hoc|Any CPU = Ad-Hoc|Any CPU
		Ad-Hoc|iPhone = Ad-Hoc|iPhone
		Ad-Hoc|iPhoneSimulator = Ad-Hoc|iPhoneSimulator
		AppStore|Any CPU = AppStore|Any CPU
		AppStore|iPhone = AppStore|iPhone
		AppStore|iPhoneSimulator = AppStore|iPhoneSimulator
		Debug|Any CPU = Debug|Any CPU
		Debug|iPhone = Debug|iPhone
		Debug|iPhoneSimulator = Debug|iPhoneSimulator
		Release|Any CPU = Release|Any CPU
		Release|iPhone = Release|iPhone
		Release|iPhoneSimulator = Release|iPhoneSimulator
	EndGlobalSection
	GlobalSection(ProjectConfigurationPlatforms) = postSolution
		{9852047E-1EB3-4D67-A52D-0F787AF67AD4}.Ad-Hoc|Any CPU.ActiveCfg = Release|Any CPU
		{9852047E-1EB3-4D67-A52D-0F787AF67AD4}.Ad-Hoc|Any CPU.Build.0 = Release|Any CPU
		{9852047E-1EB3-4D67-A52D-0F787AF67AD4}.Ad-Hoc|Any CPU.Deploy.0 = Release|Any CPU
		{9852047E-1EB3-4D67-A52D-0F787AF67AD4}.Ad-Hoc|iPhone.ActiveCfg = Release|Any CPU
		{9852047E-1EB3-4D67-A52D-0F787AF67AD4}.Ad-Hoc|iPhone.Build.0 = Release|Any CPU
		{9852047E-1EB3-4D67-A52D-0F787AF67AD4}.Ad-Hoc|iPhone.Deploy.0 = Release|Any CPU
		{9852047E-1EB3-4D67-A52D-0F787AF67AD4}.Ad-Hoc|iPhoneSimulator.ActiveCfg = Release|Any CPU
		{9852047E-1EB3-4D67-A52D-0F787AF67AD4}.Ad-Hoc|iPhoneSimulator.Build.0 = Release|Any CPU
		{9852047E-1EB3-4D67-A52D-0F787AF67AD4}.Ad-Hoc|iPhoneSimulator.Deploy.0 = Release|Any CPU
		{9852047E-1EB3-4D67-A52D-0F787AF67AD4}.AppStore|Any CPU.ActiveCfg = Release|Any CPU
		{9852047E-1EB3-4D67-A52D-0F787AF67AD4}.AppStore|Any CPU.Build.0 = Release|Any CPU
		{9852047E-1EB3-4D67-A52D-0F787AF67AD4}.AppStore|Any CPU.Deploy.0 = Release|Any CPU
		{9852047E-1EB3-4D67-A52D-0F787AF67AD4}.AppStore|iPhone.ActiveCfg = Release|Any CPU
		{9852047E-1EB3-4D67-A52D-0F787AF67AD4}.AppStore|iPhone.Build.0 = Release|Any CPU
		{9852047E-1EB3-4D67-A52D-0F787AF67AD4}.AppStore|iPhone.Deploy.0 = Release|Any CPU
		{9852047E-1EB3-4D67-A52D-0F787AF67AD4}.AppStore|iPhoneSimulator.ActiveCfg = Release|Any CPU
		{9852047E-1EB3-4D67-A52D-0F787AF67AD4}.AppStore|iPhoneSimulator.Build.0 = Release|Any CPU
		{9852047E-1EB3-4D67-A52D-0F787AF67AD4}.AppStore|iPhoneSimulator.Deploy.0 = Release|Any CPU
		{9852047E-1EB3-4D67-A52D-0F787AF67AD4}.Debug|Any CPU.ActiveCfg = Debug|Any CPU
		{9852047E-1EB3-4D67-A52D-0F787AF67AD4}.Debug|Any CPU.Build.0 = Debug|Any CPU
		{9852047E-1EB3-4D67-A52D-0F787AF67AD4}.Debug|Any CPU.Deploy.0 = Debug|Any CPU
		{9852047E-1EB3-4D67-A52D-0F787AF67AD4}.Debug|iPhone.ActiveCfg = Debug|Any CPU
		{9852047E-1EB3-4D67-A52D-0F787AF67AD4}.Debug|iPhone.Build.0 = Debug|Any CPU
		{9852047E-1EB3-4D67-A52D-0F787AF67AD4}.Debug|iPhone.Deploy.0 = Debug|Any CPU
		{9852047E-1EB3-4D67-A52D-0F787AF67AD4}.Debug|iPhoneSimulator.ActiveCfg = Debug|Any CPU
		{9852047E-1EB3-4D67-A52D-0F787AF67AD4}.Debug|iPhoneSimulator.Build.0 = Debug|Any CPU
		{9852047E-1EB3-4D67-A52D-0F787AF67AD4}.Debug|iPhoneSimulator.Deploy.0 = Debug|Any CPU
		{9852047E-1EB3-4D67-A52D-0F787AF67AD4}.Release|Any CPU.ActiveCfg = Release|Any CPU
		{9852047E-1EB3-4D67-A52D-0F787AF67AD4}.Release|Any CPU.Build.0 = Release|Any CPU
		{9852047E-1EB3-4D67-A52D-0F787AF67AD4}.Release|Any CPU.Deploy.0 = Release|Any CPU
		{9852047E-1EB3-4D67-A52D-0F787AF67AD4}.Release|iPhone.ActiveCfg = Release|Any CPU
		{9852047E-1EB3-4D67-A52D-0F787AF67AD4}.Release|iPhone.Build.0 = Release|Any CPU
		{9852047E-1EB3-4D67-A52D-0F787AF67AD4}.Release|iPhone.Deploy.0 = Release|Any CPU
		{9852047E-1EB3-4D67-A52D-0F787AF67AD4}.Release|iPhoneSimulator.ActiveCfg = Release|Any CPU
		{9852047E-1EB3-4D67-A52D-0F787AF67AD4}.Release|iPhoneSimulator.Build.0 = Release|Any CPU
		{9852047E-1EB3-4D67-A52D-0F787AF67AD4}.Release|iPhoneSimulator.Deploy.0 = Release|Any CPU
		{07BC83C2-B024-484D-B48C-D02F195BEF93}.Ad-Hoc|Any CPU.ActiveCfg = Ad-Hoc|iPhone
		{07BC83C2-B024-484D-B48C-D02F195BEF93}.Ad-Hoc|Any CPU.Build.0 = Ad-Hoc|iPhone
		{07BC83C2-B024-484D-B48C-D02F195BEF93}.Ad-Hoc|Any CPU.Deploy.0 = Ad-Hoc|iPhone
		{07BC83C2-B024-484D-B48C-D02F195BEF93}.Ad-Hoc|iPhone.ActiveCfg = Ad-Hoc|iPhone
		{07BC83C2-B024-484D-B48C-D02F195BEF93}.Ad-Hoc|iPhone.Build.0 = Ad-Hoc|iPhone
		{07BC83C2-B024-484D-B48C-D02F195BEF93}.Ad-Hoc|iPhone.Deploy.0 = Ad-Hoc|iPhone
		{07BC83C2-B024-484D-B48C-D02F195BEF93}.Ad-Hoc|iPhoneSimulator.ActiveCfg = Ad-Hoc|iPhoneSimulator
		{07BC83C2-B024-484D-B48C-D02F195BEF93}.Ad-Hoc|iPhoneSimulator.Build.0 = Ad-Hoc|iPhoneSimulator
		{07BC83C2-B024-484D-B48C-D02F195BEF93}.Ad-Hoc|iPhoneSimulator.Deploy.0 = Ad-Hoc|iPhoneSimulator
		{07BC83C2-B024-484D-B48C-D02F195BEF93}.AppStore|Any CPU.ActiveCfg = AppStore|iPhone
		{07BC83C2-B024-484D-B48C-D02F195BEF93}.AppStore|Any CPU.Build.0 = AppStore|iPhone
		{07BC83C2-B024-484D-B48C-D02F195BEF93}.AppStore|Any CPU.Deploy.0 = AppStore|iPhone
		{07BC83C2-B024-484D-B48C-D02F195BEF93}.AppStore|iPhone.ActiveCfg = AppStore|iPhone
		{07BC83C2-B024-484D-B48C-D02F195BEF93}.AppStore|iPhone.Build.0 = AppStore|iPhone
		{07BC83C2-B024-484D-B48C-D02F195BEF93}.AppStore|iPhone.Deploy.0 = AppStore|iPhone
		{07BC83C2-B024-484D-B48C-D02F195BEF93}.AppStore|iPhoneSimulator.ActiveCfg = AppStore|iPhoneSimulator
		{07BC83C2-B024-484D-B48C-D02F195BEF93}.AppStore|iPhoneSimulator.Build.0 = AppStore|iPhoneSimulator
		{07BC83C2-B024-484D-B48C-D02F195BEF93}.AppStore|iPhoneSimulator.Deploy.0 = AppStore|iPhoneSimulator
		{07BC83C2-B024-484D-B48C-D02F195BEF93}.Debug|Any CPU.ActiveCfg = Debug|iPhoneSimulator
		{07BC83C2-B024-484D-B48C-D02F195BEF93}.Debug|Any CPU.Build.0 = Debug|iPhoneSimulator
		{07BC83C2-B024-484D-B48C-D02F195BEF93}.Debug|Any CPU.Deploy.0 = Debug|iPhoneSimulator
		{07BC83C2-B024-484D-B48C-D02F195BEF93}.Debug|iPhone.ActiveCfg = Debug|iPhone
		{07BC83C2-B024-484D-B48C-D02F195BEF93}.Debug|iPhone.Build.0 = Debug|iPhone
		{07BC83C2-B024-484D-B48C-D02F195BEF93}.Debug|iPhone.Deploy.0 = Debug|iPhone
		{07BC83C2-B024-484D-B48C-D02F195BEF93}.Debug|iPhoneSimulator.ActiveCfg = Debug|iPhoneSimulator
		{07BC83C2-B024-484D-B48C-D02F195BEF93}.Debug|iPhoneSimulator.Build.0 = Debug|iPhoneSimulator
		{07BC83C2-B024-484D-B48C-D02F195BEF93}.Debug|iPhoneSimulator.Deploy.0 = Debug|iPhoneSimulator
		{07BC83C2-B024-484D-B48C-D02F195BEF93}.Release|Any CPU.ActiveCfg = Release|iPhone
		{07BC83C2-B024-484D-B48C-D02F195BEF93}.Release|Any CPU.Build.0 = Release|iPhone
		{07BC83C2-B024-484D-B48C-D02F195BEF93}.Release|Any CPU.Deploy.0 = Release|iPhone
		{07BC83C2-B024-484D-B48C-D02F195BEF93}.Release|iPhone.ActiveCfg = Release|iPhone
		{07BC83C2-B024-484D-B48C-D02F195BEF93}.Release|iPhone.Build.0 = Release|iPhone
		{07BC83C2-B024-484D-B48C-D02F195BEF93}.Release|iPhone.Deploy.0 = Release|iPhone
		{07BC83C2-B024-484D-B48C-D02F195BEF93}.Release|iPhoneSimulator.ActiveCfg = Release|iPhoneSimulator
		{07BC83C2-B024-484D-B48C-D02F195BEF93}.Release|iPhoneSimulator.Build.0 = Release|iPhoneSimulator
		{07BC83C2-B024-484D-B48C-D02F195BEF93}.Release|iPhoneSimulator.Deploy.0 = Release|iPhoneSimulator
		{7445B427-EA0C-4FAA-8EB6-F7CF541286FA}.Ad-Hoc|Any CPU.ActiveCfg = Debug|Any CPU
		{7445B427-EA0C-4FAA-8EB6-F7CF541286FA}.Ad-Hoc|Any CPU.Build.0 = Debug|Any CPU
		{7445B427-EA0C-4FAA-8EB6-F7CF541286FA}.Ad-Hoc|Any CPU.Deploy.0 = Debug|Any CPU
		{7445B427-EA0C-4FAA-8EB6-F7CF541286FA}.Ad-Hoc|iPhone.ActiveCfg = Debug|Any CPU
		{7445B427-EA0C-4FAA-8EB6-F7CF541286FA}.Ad-Hoc|iPhone.Build.0 = Debug|Any CPU
		{7445B427-EA0C-4FAA-8EB6-F7CF541286FA}.Ad-Hoc|iPhone.Deploy.0 = Debug|Any CPU
		{7445B427-EA0C-4FAA-8EB6-F7CF541286FA}.Ad-Hoc|iPhoneSimulator.ActiveCfg = Debug|Any CPU
		{7445B427-EA0C-4FAA-8EB6-F7CF541286FA}.Ad-Hoc|iPhoneSimulator.Build.0 = Debug|Any CPU
		{7445B427-EA0C-4FAA-8EB6-F7CF541286FA}.Ad-Hoc|iPhoneSimulator.Deploy.0 = Debug|Any CPU
		{7445B427-EA0C-4FAA-8EB6-F7CF541286FA}.AppStore|Any CPU.ActiveCfg = Debug|Any CPU
		{7445B427-EA0C-4FAA-8EB6-F7CF541286FA}.AppStore|Any CPU.Build.0 = Debug|Any CPU
		{7445B427-EA0C-4FAA-8EB6-F7CF541286FA}.AppStore|Any CPU.Deploy.0 = Debug|Any CPU
		{7445B427-EA0C-4FAA-8EB6-F7CF541286FA}.AppStore|iPhone.ActiveCfg = Debug|Any CPU
		{7445B427-EA0C-4FAA-8EB6-F7CF541286FA}.AppStore|iPhone.Build.0 = Debug|Any CPU
		{7445B427-EA0C-4FAA-8EB6-F7CF541286FA}.AppStore|iPhone.Deploy.0 = Debug|Any CPU
		{7445B427-EA0C-4FAA-8EB6-F7CF541286FA}.AppStore|iPhoneSimulator.ActiveCfg = Debug|Any CPU
		{7445B427-EA0C-4FAA-8EB6-F7CF541286FA}.AppStore|iPhoneSimulator.Build.0 = Debug|Any CPU
		{7445B427-EA0C-4FAA-8EB6-F7CF541286FA}.AppStore|iPhoneSimulator.Deploy.0 = Debug|Any CPU
		{7445B427-EA0C-4FAA-8EB6-F7CF541286FA}.Debug|Any CPU.ActiveCfg = Debug|Any CPU
		{7445B427-EA0C-4FAA-8EB6-F7CF541286FA}.Debug|Any CPU.Build.0 = Debug|Any CPU
		{7445B427-EA0C-4FAA-8EB6-F7CF541286FA}.Debug|Any CPU.Deploy.0 = Debug|Any CPU
		{7445B427-EA0C-4FAA-8EB6-F7CF541286FA}.Debug|iPhone.ActiveCfg = Debug|Any CPU
		{7445B427-EA0C-4FAA-8EB6-F7CF541286FA}.Debug|iPhone.Build.0 = Debug|Any CPU
		{7445B427-EA0C-4FAA-8EB6-F7CF541286FA}.Debug|iPhone.Deploy.0 = Debug|Any CPU
		{7445B427-EA0C-4FAA-8EB6-F7CF541286FA}.Debug|iPhoneSimulator.ActiveCfg = Debug|Any CPU
		{7445B427-EA0C-4FAA-8EB6-F7CF541286FA}.Debug|iPhoneSimulator.Build.0 = Debug|Any CPU
		{7445B427-EA0C-4FAA-8EB6-F7CF541286FA}.Debug|iPhoneSimulator.Deploy.0 = Debug|Any CPU
		{7445B427-EA0C-4FAA-8EB6-F7CF541286FA}.Release|Any CPU.ActiveCfg = Release|Any CPU
		{7445B427-EA0C-4FAA-8EB6-F7CF541286FA}.Release|Any CPU.Build.0 = Release|Any CPU
		{7445B427-EA0C-4FAA-8EB6-F7CF541286FA}.Release|Any CPU.Deploy.0 = Release|Any CPU
		{7445B427-EA0C-4FAA-8EB6-F7CF541286FA}.Release|iPhone.ActiveCfg = Release|Any CPU
		{7445B427-EA0C-4FAA-8EB6-F7CF541286FA}.Release|iPhone.Build.0 = Release|Any CPU
		{7445B427-EA0C-4FAA-8EB6-F7CF541286FA}.Release|iPhone.Deploy.0 = Release|Any CPU
		{7445B427-EA0C-4FAA-8EB6-F7CF541286FA}.Release|iPhoneSimulator.ActiveCfg = Release|Any CPU
		{7445B427-EA0C-4FAA-8EB6-F7CF541286FA}.Release|iPhoneSimulator.Build.0 = Release|Any CPU
		{7445B427-EA0C-4FAA-8EB6-F7CF541286FA}.Release|iPhoneSimulator.Deploy.0 = Release|Any CPU
	EndGlobalSection
	GlobalSection(SolutionProperties) = preSolution
		HideSolutionNode = FALSE
	EndGlobalSection
	GlobalSection(ExtensibilityGlobals) = postSolution
		SolutionGuid = {9C4D65BE-F78F-4B5A-92DB-846A678F154B}
	EndGlobalSection
EndGlobal
